
Microsoft Visual Studio Solution File, Format Version 12.00
# Visual Studio Version 17
VisualStudioVersion = 17.11.35327.3
MinimumVisualStudioVersion = 10.0.40219.1
Project("{FAE04EC0-301F-11D3-BF4B-00C04F79EFBC}") = "plannerTreningowy", "plannerTreningowy\plannerTreningowy.csproj", "{EDD18FF3-8D52-4A18-BA07-5EC4DD4EF5C2}"
EndProject
Global
	GlobalSection(SolutionConfigurationPlatforms) = preSolution
		Debug|Any CPU = Debug|Any CPU
		Release|Any CPU = Release|Any CPU
	EndGlobalSection
	GlobalSection(ProjectConfigurationPlatforms) = postSolution
		{EDD18FF3-8D52-4A18-BA07-5EC4DD4EF5C2}.Debug|Any CPU.ActiveCfg = Debug|Any CPU
		{EDD18FF3-8D52-4A18-BA07-5EC4DD4EF5C2}.Debug|Any CPU.Build.0 = Debug|Any CPU
		{EDD18FF3-8D52-4A18-BA07-5EC4DD4EF5C2}.Release|Any CPU.ActiveCfg = Release|Any CPU
		{EDD18FF3-8D52-4A18-BA07-5EC4DD4EF5C2}.Release|Any CPU.Build.0 = Release|Any CPU
	EndGlobalSection
	GlobalSection(SolutionProperties) = preSolution
		HideSolutionNode = FALSE
	EndGlobalSection
	GlobalSection(ExtensibilityGlobals) = postSolution
		SolutionGuid = {0890F55E-93B6-4918-930D-AAFE8C82E484}
	EndGlobalSection
EndGlobal
